
Microsoft Visual Studio Solution File, Format Version 12.00
# Visual Studio Version 16
VisualStudioVersion = 16.0.30204.135
MinimumVisualStudioVersion = 10.0.40219.1
Project("{FAE04EC0-301F-11D3-BF4B-00C04F79EFBC}") = "ReactEffects.Api", "ReactEffects.Api\ReactEffects.Api.csproj", "{3700FF73-36E0-44D8-BE6C-A671CA2B03BD}"
EndProject
Global
	GlobalSection(SolutionConfigurationPlatforms) = preSolution
		Debug|Any CPU = Debug|Any CPU
		Release|Any CPU = Release|Any CPU
	EndGlobalSection
	GlobalSection(ProjectConfigurationPlatforms) = postSolution
		{3700FF73-36E0-44D8-BE6C-A671CA2B03BD}.Debug|Any CPU.ActiveCfg = Debug|Any CPU
		{3700FF73-36E0-44D8-BE6C-A671CA2B03BD}.Debug|Any CPU.Build.0 = Debug|Any CPU
		{3700FF73-36E0-44D8-BE6C-A671CA2B03BD}.Release|Any CPU.ActiveCfg = Release|Any CPU
		{3700FF73-36E0-44D8-BE6C-A671CA2B03BD}.Release|Any CPU.Build.0 = Release|Any CPU
	EndGlobalSection
	GlobalSection(SolutionProperties) = preSolution
		HideSolutionNode = FALSE
	EndGlobalSection
	GlobalSection(ExtensibilityGlobals) = postSolution
		SolutionGuid = {681B57F9-017B-4EC3-B282-0F7621FEFA2D}
	EndGlobalSection
EndGlobal
